
Microsoft Visual Studio Solution File, Format Version 12.00
# Visual Studio 15
VisualStudioVersion = 15.0.28307.645
MinimumVisualStudioVersion = 10.0.40219.1
Project("{FAE04EC0-301F-11D3-BF4B-00C04F79EFBC}") = "IgneConflatum", "IgneConflatum\IgneConflatum.csproj", "{C107699A-A5D3-4A35-BD29-6FDF27F70854}"
EndProject
Global
	GlobalSection(SolutionConfigurationPlatforms) = preSolution
		Debug|Any CPU = Debug|Any CPU
		Release|Any CPU = Release|Any CPU
	EndGlobalSection
	GlobalSection(ProjectConfigurationPlatforms) = postSolution
		{C107699A-A5D3-4A35-BD29-6FDF27F70854}.Debug|Any CPU.ActiveCfg = Debug|Any CPU
		{C107699A-A5D3-4A35-BD29-6FDF27F70854}.Debug|Any CPU.Build.0 = Debug|Any CPU
		{C107699A-A5D3-4A35-BD29-6FDF27F70854}.Release|Any CPU.ActiveCfg = Release|Any CPU
		{C107699A-A5D3-4A35-BD29-6FDF27F70854}.Release|Any CPU.Build.0 = Release|Any CPU
	EndGlobalSection
	GlobalSection(SolutionProperties) = preSolution
		HideSolutionNode = FALSE
	EndGlobalSection
	GlobalSection(ExtensibilityGlobals) = postSolution
		SolutionGuid = {79D9D58D-978E-4C51-8EA3-263792CC9AB5}
	EndGlobalSection
EndGlobal
